
Microsoft Visual Studio Solution File, Format Version 12.00
# Visual Studio Version 16
VisualStudioVersion = 16.0.32126.315
MinimumVisualStudioVersion = 10.0.40219.1
Project("{FAE04EC0-301F-11D3-BF4B-00C04F79EFBC}") = "EInvoice", "EInvoice\EInvoice.csproj", "{CA850E9C-939F-4B32-BFB7-804BCC60B0A0}"
EndProject
Global
	GlobalSection(SolutionConfigurationPlatforms) = preSolution
		Debug|Any CPU = Debug|Any CPU
		Release|Any CPU = Release|Any CPU
	EndGlobalSection
	GlobalSection(ProjectConfigurationPlatforms) = postSolution
		{CA850E9C-939F-4B32-BFB7-804BCC60B0A0}.Debug|Any CPU.ActiveCfg = Debug|Any CPU
		{CA850E9C-939F-4B32-BFB7-804BCC60B0A0}.Debug|Any CPU.Build.0 = Debug|Any CPU
		{CA850E9C-939F-4B32-BFB7-804BCC60B0A0}.Release|Any CPU.ActiveCfg = Release|Any CPU
		{CA850E9C-939F-4B32-BFB7-804BCC60B0A0}.Release|Any CPU.Build.0 = Release|Any CPU
	EndGlobalSection
	GlobalSection(SolutionProperties) = preSolution
		HideSolutionNode = FALSE
	EndGlobalSection
	GlobalSection(ExtensibilityGlobals) = postSolution
		SolutionGuid = {B3CAFF3C-B6E0-457D-BEA0-66B629C3855D}
	EndGlobalSection
EndGlobal
